Microsoft Visual Studio Solution File, Format Version 7.00
Project("{8BC9CEB8-8B4A-11D0-8D11-00A0C91BC942}") = "cfgforsf", "cfgforsf\cfgforsf.vcproj", "{936F8415-4094-44C5-8640-8D710ECCABB6}"
EndProject
Project("{8BC9CEB8-8B4A-11D0-8D11-00A0C91BC942}") = "interface", "interface\interface.vcproj", "{248B20A6-9609-4A5B-AFAE-09C7572FCE54}"
EndProject
Project("{8BC9CEB8-8B4A-11D0-8D11-00A0C91BC942}") = "libarc", "libarc\libarc.vcproj", "{11CDD90A-20E1-45AF-879E-F355742B38B7}"
EndProject
Project("{8BC9CEB8-8B4A-11D0-8D11-00A0C91BC942}") = "libunimod", "libunimod\libunimod.vcproj", "{8DC8ADE3-145A-4C63-80DD-0C93B6587B80}"
EndProject
Project("{8BC9CEB8-8B4A-11D0-8D11-00A0C91BC942}") = "nouse", "nouse\nouse.vcproj", "{99E98188-BE49-4367-9577-4681F1D50E9C}"
EndProject
Project("{8BC9CEB8-8B4A-11D0-8D11-00A0C91BC942}") = "timidity", "timidity\timidity.vcproj", "{45579E0F-6A19-4E8C-B638-945E0FB44D36}"
EndProject
Project("{8BC9CEB8-8B4A-11D0-8D11-00A0C91BC942}") = "timw32g", "timw32g\timw32g.vcproj", "{76D0CE5A-A349-4022-8727-195719E4B93E}"
EndProject
Project("{8BC9CEB8-8B4A-11D0-8D11-00A0C91BC942}") = "twsyng", "twsyng\twsyng.vcproj", "{49D11476-D08C-43D6-8C7D-3820607E140F}"
EndProject
Project("{8BC9CEB8-8B4A-11D0-8D11-00A0C91BC942}") = "utils", "utils\utils.vcproj", "{B05F8AA0-6140-4335-AD39-E276D17002CB}"
EndProject
Project("{8BC9CEB8-8B4A-11D0-8D11-00A0C91BC942}") = "calcnewton", "calcnewton\calcnewton.vcproj", "{4F65093E-E5C5-46C1-819D-0987086BF312}"
EndProject
Project("{8BC9CEB8-8B4A-11D0-8D11-00A0C91BC942}") = "twsynsrv", "twsynsrv\twsynsrv.vcproj", "{58F8555C-30C5-48AC-9C1C-680BDA52218D}"
EndProject
Project("{54435603-DBB4-11D2-8724-00A0C9A8B90C}") = "setup-en", "setup-en\setup-en.vdproj", "{700219C1-157F-4523-BF90-F986DF9613ED}"
EndProject
Project("{54435603-DBB4-11D2-8724-00A0C9A8B90C}") = "setup-ja", "setup-ja\setup-ja.vdproj", "{D5141011-9D0D-432E-873C-7CC03C538CFC}"
EndProject
Global
	GlobalSection(SolutionConfiguration) = preSolution
		ConfigName.0 = Debug
		ConfigName.1 = Release
	EndGlobalSection
	GlobalSection(ProjectDependencies) = postSolution
		{936F8415-4094-44C5-8640-8D710ECCABB6}.0 = {11CDD90A-20E1-45AF-879E-F355742B38B7}
		{936F8415-4094-44C5-8640-8D710ECCABB6}.1 = {B05F8AA0-6140-4335-AD39-E276D17002CB}
		{45579E0F-6A19-4E8C-B638-945E0FB44D36}.0 = {4F65093E-E5C5-46C1-819D-0987086BF312}
		{76D0CE5A-A349-4022-8727-195719E4B93E}.0 = {B05F8AA0-6140-4335-AD39-E276D17002CB}
		{76D0CE5A-A349-4022-8727-195719E4B93E}.1 = {45579E0F-6A19-4E8C-B638-945E0FB44D36}
		{76D0CE5A-A349-4022-8727-195719E4B93E}.2 = {8DC8ADE3-145A-4C63-80DD-0C93B6587B80}
		{76D0CE5A-A349-4022-8727-195719E4B93E}.3 = {11CDD90A-20E1-45AF-879E-F355742B38B7}
		{76D0CE5A-A349-4022-8727-195719E4B93E}.4 = {248B20A6-9609-4A5B-AFAE-09C7572FCE54}
		{49D11476-D08C-43D6-8C7D-3820607E140F}.0 = {B05F8AA0-6140-4335-AD39-E276D17002CB}
		{49D11476-D08C-43D6-8C7D-3820607E140F}.1 = {8DC8ADE3-145A-4C63-80DD-0C93B6587B80}
		{49D11476-D08C-43D6-8C7D-3820607E140F}.2 = {11CDD90A-20E1-45AF-879E-F355742B38B7}
		{49D11476-D08C-43D6-8C7D-3820607E140F}.3 = {248B20A6-9609-4A5B-AFAE-09C7572FCE54}
		{58F8555C-30C5-48AC-9C1C-680BDA52218D}.0 = {B05F8AA0-6140-4335-AD39-E276D17002CB}
		{58F8555C-30C5-48AC-9C1C-680BDA52218D}.1 = {8DC8ADE3-145A-4C63-80DD-0C93B6587B80}
		{58F8555C-30C5-48AC-9C1C-680BDA52218D}.2 = {11CDD90A-20E1-45AF-879E-F355742B38B7}
		{58F8555C-30C5-48AC-9C1C-680BDA52218D}.3 = {248B20A6-9609-4A5B-AFAE-09C7572FCE54}
	EndGlobalSection
	GlobalSection(ProjectConfiguration) = postSolution
		{936F8415-4094-44C5-8640-8D710ECCABB6}.Debug.ActiveCfg = Debug|Win32
		{936F8415-4094-44C5-8640-8D710ECCABB6}.Release.ActiveCfg = Release|Win32
		{248B20A6-9609-4A5B-AFAE-09C7572FCE54}.Debug.ActiveCfg = Debug|Win32
		{248B20A6-9609-4A5B-AFAE-09C7572FCE54}.Debug.Build.0 = Debug|Win32
		{248B20A6-9609-4A5B-AFAE-09C7572FCE54}.Release.ActiveCfg = Release|Win32
		{248B20A6-9609-4A5B-AFAE-09C7572FCE54}.Release.Build.0 = Release|Win32
		{11CDD90A-20E1-45AF-879E-F355742B38B7}.Debug.ActiveCfg = Debug|Win32
		{11CDD90A-20E1-45AF-879E-F355742B38B7}.Debug.Build.0 = Debug|Win32
		{11CDD90A-20E1-45AF-879E-F355742B38B7}.Release.ActiveCfg = Release|Win32
		{11CDD90A-20E1-45AF-879E-F355742B38B7}.Release.Build.0 = Release|Win32
		{8DC8ADE3-145A-4C63-80DD-0C93B6587B80}.Debug.ActiveCfg = Debug|Win32
		{8DC8ADE3-145A-4C63-80DD-0C93B6587B80}.Debug.Build.0 = Debug|Win32
		{8DC8ADE3-145A-4C63-80DD-0C93B6587B80}.Release.ActiveCfg = Release|Win32
		{8DC8ADE3-145A-4C63-80DD-0C93B6587B80}.Release.Build.0 = Release|Win32
		{99E98188-BE49-4367-9577-4681F1D50E9C}.Debug.ActiveCfg = Debug|Win32
		{99E98188-BE49-4367-9577-4681F1D50E9C}.Release.ActiveCfg = Release|Win32
		{45579E0F-6A19-4E8C-B638-945E0FB44D36}.Debug.ActiveCfg = Debug|Win32
		{45579E0F-6A19-4E8C-B638-945E0FB44D36}.Debug.Build.0 = Debug|Win32
		{45579E0F-6A19-4E8C-B638-945E0FB44D36}.Release.ActiveCfg = Release|Win32
		{45579E0F-6A19-4E8C-B638-945E0FB44D36}.Release.Build.0 = Release|Win32
		{76D0CE5A-A349-4022-8727-195719E4B93E}.Debug.ActiveCfg = Debug|Win32
		{76D0CE5A-A349-4022-8727-195719E4B93E}.Debug.Build.0 = Debug|Win32
		{76D0CE5A-A349-4022-8727-195719E4B93E}.Release.ActiveCfg = Release|Win32
		{76D0CE5A-A349-4022-8727-195719E4B93E}.Release.Build.0 = Release|Win32
		{49D11476-D08C-43D6-8C7D-3820607E140F}.Debug.ActiveCfg = Debug|Win32
		{49D11476-D08C-43D6-8C7D-3820607E140F}.Debug.Build.0 = Debug|Win32
		{49D11476-D08C-43D6-8C7D-3820607E140F}.Release.ActiveCfg = Release|Win32
		{49D11476-D08C-43D6-8C7D-3820607E140F}.Release.Build.0 = Release|Win32
		{B05F8AA0-6140-4335-AD39-E276D17002CB}.Debug.ActiveCfg = Debug|Win32
		{B05F8AA0-6140-4335-AD39-E276D17002CB}.Debug.Build.0 = Debug|Win32
		{B05F8AA0-6140-4335-AD39-E276D17002CB}.Release.ActiveCfg = Release|Win32
		{B05F8AA0-6140-4335-AD39-E276D17002CB}.Release.Build.0 = Release|Win32
		{4F65093E-E5C5-46C1-819D-0987086BF312}.Debug.ActiveCfg = Debug|Win32
		{4F65093E-E5C5-46C1-819D-0987086BF312}.Debug.Build.0 = Debug|Win32
		{4F65093E-E5C5-46C1-819D-0987086BF312}.Release.ActiveCfg = Release|Win32
		{4F65093E-E5C5-46C1-819D-0987086BF312}.Release.Build.0 = Release|Win32
		{58F8555C-30C5-48AC-9C1C-680BDA52218D}.Debug.ActiveCfg = Debug|Win32
		{58F8555C-30C5-48AC-9C1C-680BDA52218D}.Debug.Build.0 = Debug|Win32
		{58F8555C-30C5-48AC-9C1C-680BDA52218D}.Release.ActiveCfg = Release|Win32
		{58F8555C-30C5-48AC-9C1C-680BDA52218D}.Release.Build.0 = Release|Win32
		{700219C1-157F-4523-BF90-F986DF9613ED}.Debug.ActiveCfg = Debug
		{700219C1-157F-4523-BF90-F986DF9613ED}.Debug.Build.0 = Debug
		{700219C1-157F-4523-BF90-F986DF9613ED}.Release.ActiveCfg = Release
		{700219C1-157F-4523-BF90-F986DF9613ED}.Release.Build.0 = Release
		{D5141011-9D0D-432E-873C-7CC03C538CFC}.Debug.ActiveCfg = Debug
		{D5141011-9D0D-432E-873C-7CC03C538CFC}.Debug.Build.0 = Debug
		{D5141011-9D0D-432E-873C-7CC03C538CFC}.Release.ActiveCfg = Release
		{D5141011-9D0D-432E-873C-7CC03C538CFC}.Release.Build.0 = Release
	EndGlobalSection
	GlobalSection(ExtensibilityGlobals) = postSolution
	EndGlobalSection
	GlobalSection(ExtensibilityAddIns) = postSolution
	EndGlobalSection
EndGlobal
